
Microsoft Visual Studio Solution File, Format Version 12.00
# Visual Studio Version 17
VisualStudioVersion = 17.1.32210.238
MinimumVisualStudioVersion = 10.0.40219.1
Project("{FAE04EC0-301F-11D3-BF4B-00C04F79EFBC}") = "SwitchCaseBiletSatisi", "SwitchCaseBiletSatisi\SwitchCaseBiletSatisi.csproj", "{56D8B7AA-3881-4F16-92AD-33C70EE28643}"
EndProject
Global
	GlobalSection(SolutionConfigurationPlatforms) = preSolution
		Debug|Any CPU = Debug|Any CPU
		Release|Any CPU = Release|Any CPU
	EndGlobalSection
	GlobalSection(ProjectConfigurationPlatforms) = postSolution
		{56D8B7AA-3881-4F16-92AD-33C70EE28643}.Debug|Any CPU.ActiveCfg = Debug|Any CPU
		{56D8B7AA-3881-4F16-92AD-33C70EE28643}.Debug|Any CPU.Build.0 = Debug|Any CPU
		{56D8B7AA-3881-4F16-92AD-33C70EE28643}.Release|Any CPU.ActiveCfg = Release|Any CPU
		{56D8B7AA-3881-4F16-92AD-33C70EE28643}.Release|Any CPU.Build.0 = Release|Any CPU
	EndGlobalSection
	GlobalSection(SolutionProperties) = preSolution
		HideSolutionNode = FALSE
	EndGlobalSection
	GlobalSection(ExtensibilityGlobals) = postSolution
		SolutionGuid = {6F239C5F-98DD-4118-9BC2-E881D50A6ED0}
	EndGlobalSection
EndGlobal
